// !$*UTF8*$!
{
	archiveVersion = 1;
	classes = {
	};
	objectVersion = 56;
	objects = {

/* Begin PBXBuildFile section */
		333C26E82BD5F96F00D786A4 /* LIVE_WorkoutApp.swift in Sources */ = {isa = PBXBuildFile; fileRef = 333C26E72BD5F96F00D786A4 /* LIVE_WorkoutApp.swift */; };
		333C26EC2BD5F97000D786A4 /* Assets.xcassets in Resources */ = {isa = PBXBuildFile; fileRef = 333C26EB2BD5F97000D786A4 /* Assets.xcassets */; };
		333C26EF2BD5F97000D786A4 /* Preview Assets.xcassets in Resources */ = {isa = PBXBuildFile; fileRef = 333C26EE2BD5F97000D786A4 /* Preview Assets.xcassets */; };
		333C26F62BD5F99500D786A4 /* InstructorView.swift in Sources */ = {isa = PBXBuildFile; fileRef = 333C26F52BD5F99500D786A4 /* InstructorView.swift */; };
		333C26F82BD5F9B500D786A4 /* ProfileView.swift in Sources */ = {isa = PBXBuildFile; fileRef = 333C26F72BD5F9B500D786A4 /* ProfileView.swift */; };
		333C26FA2BD5F9ED00D786A4 /* SchedulePostView.swift in Sources */ = {isa = PBXBuildFile; fileRef = 333C26F92BD5F9ED00D786A4 /* SchedulePostView.swift */; };
		333C26FC2BD5FFA600D786A4 /* LoginView.swift in Sources */ = {isa = PBXBuildFile; fileRef = 333C26FB2BD5FFA600D786A4 /* LoginView.swift */; };
		333C26FF2BD6070C00D786A4 /* ParseSwift in Frameworks */ = {isa = PBXBuildFile; productRef = 333C26FE2BD6070C00D786A4 /* ParseSwift */; };
		333C27032BD6093500D786A4 /* User.swift in Sources */ = {isa = PBXBuildFile; fileRef = 333C27022BD6093500D786A4 /* User.swift */; };
		333C27052BD6096700D786A4 /* RegisterView.swift in Sources */ = {isa = PBXBuildFile; fileRef = 333C27042BD6096700D786A4 /* RegisterView.swift */; };
		333C27082BD60A3800D786A4 /* AuthService.swift in Sources */ = {isa = PBXBuildFile; fileRef = 333C27072BD60A3800D786A4 /* AuthService.swift */; };
		33A4E5312BDCA225001F4423 /* WorkoutEditView.swift in Sources */ = {isa = PBXBuildFile; fileRef = 33A4E5302BDCA225001F4423 /* WorkoutEditView.swift */; };
		33A4E5372BDCA7D2001F4423 /* MainTabView.swift in Sources */ = {isa = PBXBuildFile; fileRef = 33A4E5362BDCA7D2001F4423 /* MainTabView.swift */; };
/* End PBXBuildFile section */

/* Begin PBXFileReference section */
		333C26E42BD5F96F00D786A4 /* LIVE Workout.app */ = {isa = PBXFileReference; explicitFileType = wrapper.application; includeInIndex = 0; path = "LIVE Workout.app"; sourceTree = BUILT_PRODUCTS_DIR; };
		333C26E72BD5F96F00D786A4 /* LIVE_WorkoutApp.swift */ = {isa = PBXFileReference; lastKnownFileType = sourcecode.swift; path = LIVE_WorkoutApp.swift; sourceTree = "<group>"; };
		333C26EB2BD5F97000D786A4 /* Assets.xcassets */ = {isa = PBXFileReference; lastKnownFileType = folder.assetcatalog; path = Assets.xcassets; sourceTree = "<group>"; };
		333C26EE2BD5F97000D786A4 /* Preview Assets.xcassets */ = {isa = PBXFileReference; lastKnownFileType = folder.assetcatalog; path = "Preview Assets.xcassets"; sourceTree = "<group>"; };
		333C26F52BD5F99500D786A4 /* InstructorView.swift */ = {isa = PBXFileReference; lastKnownFileType = sourcecode.swift; path = InstructorView.swift; sourceTree = "<group>"; };
		333C26F72BD5F9B500D786A4 /* ProfileView.swift */ = {isa = PBXFileReference; lastKnownFileType = sourcecode.swift; path = ProfileView.swift; sourceTree = "<group>"; };
		333C26F92BD5F9ED00D786A4 /* SchedulePostView.swift */ = {isa = PBXFileReference; lastKnownFileType = sourcecode.swift; path = SchedulePostView.swift; sourceTree = "<group>"; };
		333C26FB2BD5FFA600D786A4 /* LoginView.swift */ = {isa = PBXFileReference; lastKnownFileType = sourcecode.swift; path = LoginView.swift; sourceTree = "<group>"; };
		333C27022BD6093500D786A4 /* User.swift */ = {isa = PBXFileReference; lastKnownFileType = sourcecode.swift; path = User.swift; sourceTree = "<group>"; };
		333C27042BD6096700D786A4 /* RegisterView.swift */ = {isa = PBXFileReference; lastKnownFileType = sourcecode.swift; path = RegisterView.swift; sourceTree = "<group>"; };
		333C27072BD60A3800D786A4 /* AuthService.swift */ = {isa = PBXFileReference; lastKnownFileType = sourcecode.swift; path = AuthService.swift; sourceTree = "<group>"; };
		33A4E5302BDCA225001F4423 /* WorkoutEditView.swift */ = {isa = PBXFileReference; fileEncoding = 4; lastKnownFileType = sourcecode.swift; path = WorkoutEditView.swift; sourceTree = "<group>"; };
		33A4E5362BDCA7D2001F4423 /* MainTabView.swift */ = {isa = PBXFileReference; fileEncoding = 4; lastKnownFileType = sourcecode.swift; path = MainTabView.swift; sourceTree = "<group>"; };
/* End PBXFileReference section */

/* Begin PBXFrameworksBuildPhase section */
		333C26E12BD5F96F00D786A4 /* Frameworks */ = {
			isa = PBXFrameworksBuildPhase;
			buildActionMask = 2147483647;
			files = (
				333C26FF2BD6070C00D786A4 /* ParseSwift in Frameworks */,
			);
			runOnlyForDeploymentPostprocessing = 0;
		};
/* End PBXFrameworksBuildPhase section */

/* Begin PBXGroup section */
		333C26DB2BD5F96F00D786A4 = {
			isa = PBXGroup;
			children = (
				333C26E62BD5F96F00D786A4 /* LIVE Workout */,
				333C26E52BD5F96F00D786A4 /* Products */,
			);
			sourceTree = "<group>";
		};
		333C26E52BD5F96F00D786A4 /* Products */ = {
			isa = PBXGroup;
			children = (
				333C26E42BD5F96F00D786A4 /* LIVE Workout.app */,
			);
			name = Products;
			sourceTree = "<group>";
		};
		333C26E62BD5F96F00D786A4 /* LIVE Workout */ = {
			isa = PBXGroup;
			children = (
				333C26E72BD5F96F00D786A4 /* LIVE_WorkoutApp.swift */,
				333C27012BD6090300D786A4 /* Model */,
				333C27062BD60A2700D786A4 /* ViewModel */,
				333C27002BD608E400D786A4 /* View */,
				333C26EB2BD5F97000D786A4 /* Assets.xcassets */,
				333C26ED2BD5F97000D786A4 /* Preview Content */,
			);
			path = "LIVE Workout";
			sourceTree = "<group>";
		};
		333C26ED2BD5F97000D786A4 /* Preview Content */ = {
			isa = PBXGroup;
			children = (
				333C26EE2BD5F97000D786A4 /* Preview Assets.xcassets */,
			);
			path = "Preview Content";
			sourceTree = "<group>";
		};
		333C27002BD608E400D786A4 /* View */ = {
			isa = PBXGroup;
			children = (
				333C26FB2BD5FFA600D786A4 /* LoginView.swift */,
				333C27042BD6096700D786A4 /* RegisterView.swift */,
				33A4E5362BDCA7D2001F4423 /* MainTabView.swift */,
				33A4E5302BDCA225001F4423 /* WorkoutEditView.swift */,
				333C26F52BD5F99500D786A4 /* InstructorView.swift */,
				333C26F72BD5F9B500D786A4 /* ProfileView.swift */,
				333C26F92BD5F9ED00D786A4 /* SchedulePostView.swift */,
			);
			path = View;
			sourceTree = "<group>";
		};
		333C27012BD6090300D786A4 /* Model */ = {
			isa = PBXGroup;
			children = (
				333C27022BD6093500D786A4 /* User.swift */,
			);
			path = Model;
			sourceTree = "<group>";
		};
		333C27062BD60A2700D786A4 /* ViewModel */ = {
			isa = PBXGroup;
			children = (
				333C27072BD60A3800D786A4 /* AuthService.swift */,
			);
			path = ViewModel;
			sourceTree = "<group>";
		};
/* End PBXGroup section */

/* Begin PBXNativeTarget section */
		333C26E32BD5F96F00D786A4 /* LIVE Workout */ = {
			isa = PBXNativeTarget;
			buildConfigurationList = 333C26F22BD5F97000D786A4 /* Build configuration list for PBXNativeTarget "LIVE Workout" */;
			buildPhases = (
				333C26E02BD5F96F00D786A4 /* Sources */,
				333C26E12BD5F96F00D786A4 /* Frameworks */,
				333C26E22BD5F96F00D786A4 /* Resources */,
			);
			buildRules = (
			);
			dependencies = (
			);
			name = "LIVE Workout";
			packageProductDependencies = (
				333C26FE2BD6070C00D786A4 /* ParseSwift */,
			);
			productName = "LIVE Workout";
			productReference = 333C26E42BD5F96F00D786A4 /* LIVE Workout.app */;
			productType = "com.apple.product-type.application";
		};
/* End PBXNativeTarget section */

/* Begin PBXProject section */
		333C26DC2BD5F96F00D786A4 /* Project object */ = {
			isa = PBXProject;
			attributes = {
				BuildIndependentTargetsInParallel = 1;
				LastSwiftUpdateCheck = 1520;
				LastUpgradeCheck = 1520;
				TargetAttributes = {
					333C26E32BD5F96F00D786A4 = {
						CreatedOnToolsVersion = 15.2;
					};
				};
			};
			buildConfigurationList = 333C26DF2BD5F96F00D786A4 /* Build configuration list for PBXProject "LIVE Workout" */;
			compatibilityVersion = "Xcode 14.0";
			developmentRegion = en;
			hasScannedForEncodings = 0;
			knownRegions = (
				en,
				Base,
			);
			mainGroup = 333C26DB2BD5F96F00D786A4;
			packageReferences = (
				333C26FD2BD6070C00D786A4 /* XCRemoteSwiftPackageReference "Parse-Swift" */,
			);
			productRefGroup = 333C26E52BD5F96F00D786A4 /* Products */;
			projectDirPath = "";
			projectRoot = "";
			targets = (
				333C26E32BD5F96F00D786A4 /* LIVE Workout */,
			);
		};
/* End PBXProject section */

/* Begin PBXResourcesBuildPhase section */
		333C26E22BD5F96F00D786A4 /* Resources */ = {
			isa = PBXResourcesBuildPhase;
			buildActionMask = 2147483647;
			files = (
				333C26EF2BD5F97000D786A4 /* Preview Assets.xcassets in Resources */,
				333C26EC2BD5F97000D786A4 /* Assets.xcassets in Resources */,
			);
			runOnlyForDeploymentPostprocessing = 0;
		};
/* End PBXResourcesBuildPhase section */

/* Begin PBXSourcesBuildPhase section */
		333C26E02BD5F96F00D786A4 /* Sources */ = {
			isa = PBXSourcesBuildPhase;
			buildActionMask = 2147483647;
			files = (
				333C26FC2BD5FFA600D786A4 /* LoginView.swift in Sources */,
				333C26F82BD5F9B500D786A4 /* ProfileView.swift in Sources */,
				333C26F62BD5F99500D786A4 /* InstructorView.swift in Sources */,
				333C27082BD60A3800D786A4 /* AuthService.swift in Sources */,
				333C26FA2BD5F9ED00D786A4 /* SchedulePostView.swift in Sources */,
				333C27052BD6096700D786A4 /* RegisterView.swift in Sources */,
				33A4E5312BDCA225001F4423 /* WorkoutEditView.swift in Sources */,
				333C26E82BD5F96F00D786A4 /* LIVE_WorkoutApp.swift in Sources */,
				333C27032BD6093500D786A4 /* User.swift in Sources */,
				33A4E5372BDCA7D2001F4423 /* MainTabView.swift in Sources */,
			);
			runOnlyForDeploymentPostprocessing = 0;
		};
/* End PBXSourcesBuildPhase section */

/* Begin XCBuildConfiguration section */
		333C26F02BD5F97000D786A4 /* Debug */ = {
			isa = XCBuildConfiguration;
			buildSettings = {
				ALWAYS_SEARCH_USER_PATHS = NO;
				ASSETCATALOG_COMPILER_GENERATE_SWIFT_ASSET_SYMBOL_EXTENSIONS = YES;
				CLANG_ANALYZER_NONNULL = YES;
				CLANG_ANALYZER_NUMBER_OBJECT_CONVERSION = YES_AGGRESSIVE;
				CLANG_CXX_LANGUAGE_STANDARD = "gnu++20";
				CLANG_ENABLE_MODULES = YES;
				CLANG_ENABLE_OBJC_ARC = YES;
				CLANG_ENABLE_OBJC_WEAK = YES;
				CLANG_WARN_BLOCK_CAPTURE_AUTORELEASING = YES;
				CLANG_WARN_BOOL_CONVERSION = YES;
				CLANG_WARN_COMMA = YES;
				CLANG_WARN_CONSTANT_CONVERSION = YES;
				CLANG_WARN_DEPRECATED_OBJC_IMPLEMENTATIONS = YES;
				CLANG_WARN_DIRECT_OBJC_ISA_USAGE = YES_ERROR;
				CLANG_WARN_DOCUMENTATION_COMMENTS = YES;
				CLANG_WARN_EMPTY_BODY = YES;
				CLANG_WARN_ENUM_CONVERSION = YES;
				CLANG_WARN_INFINITE_RECURSION = YES;
				CLANG_WARN_INT_CONVERSION = YES;
				CLANG_WARN_NON_LITERAL_NULL_CONVERSION = YES;
				CLANG_WARN_OBJC_IMPLICIT_RETAIN_SELF = YES;
				CLANG_WARN_OBJC_LITERAL_CONVERSION = YES;
				CLANG_WARN_OBJC_ROOT_CLASS = YES_ERROR;
				CLANG_WARN_QUOTED_INCLUDE_IN_FRAMEWORK_HEADER = YES;
				CLANG_WARN_RANGE_LOOP_ANALYSIS = YES;
				CLANG_WARN_STRICT_PROTOTYPES = YES;
				CLANG_WARN_SUSPICIOUS_MOVE = YES;
				CLANG_WARN_UNGUARDED_AVAILABILITY = YES_AGGRESSIVE;
				CLANG_WARN_UNREACHABLE_CODE = YES;
				CLANG_WARN__DUPLICATE_METHOD_MATCH = YES;
				COPY_PHASE_STRIP = NO;
				DEBUG_INFORMATION_FORMAT = dwarf;
				ENABLE_STRICT_OBJC_MSGSEND = YES;
				ENABLE_TESTABILITY = YES;
				ENABLE_USER_SCRIPT_SANDBOXING = YES;
				GCC_C_LANGUAGE_STANDARD = gnu17;
				GCC_DYNAMIC_NO_PIC = NO;
				GCC_NO_COMMON_BLOCKS = YES;
				GCC_OPTIMIZATION_LEVEL = 0;
				GCC_PREPROCESSOR_DEFINITIONS = (
					"DEBUG=1",
					"$(inherited)",
				);
				GCC_WARN_64_TO_32_BIT_CONVERSION = YES;
				GCC_WARN_ABOUT_RETURN_TYPE = YES_ERROR;
				GCC_WARN_UNDECLARED_SELECTOR = YES;
				GCC_WARN_UNINITIALIZED_AUTOS = YES_AGGRESSIVE;
				GCC_WARN_UNUSED_FUNCTION = YES;
				GCC_WARN_UNUSED_VARIABLE = YES;
				IPHONEOS_DEPLOYMENT_TARGET = 17.2;
				LOCALIZATION_PREFERS_STRING_CATALOGS = YES;
				MTL_ENABLE_DEBUG_INFO = INCLUDE_SOURCE;
				MTL_FAST_MATH = YES;
				ONLY_ACTIVE_ARCH = YES;
				SDKROOT = iphoneos;
				SWIFT_ACTIVE_COMPILATION_CONDITIONS = "DEBUG $(inherited)";
				SWIFT_OPTIMIZATION_LEVEL = "-Onone";
			};
			name = Debug;
		};
		333C26F12BD5F97000D786A4 /* Release */ = {
			isa = XCBuildConfiguration;
			buildSettings = {
				ALWAYS_SEARCH_USER_PATHS = NO;
				ASSETCATALOG_COMPILER_GENERATE_SWIFT_ASSET_SYMBOL_EXTENSIONS = YES;
				CLANG_ANALYZER_NONNULL = YES;
				CLANG_ANALYZER_NUMBER_OBJECT_CONVERSION = YES_AGGRESSIVE;
				CLANG_CXX_LANGUAGE_STANDARD = "gnu++20";
				CLANG_ENABLE_MODULES = YES;
				CLANG_ENABLE_OBJC_ARC = YES;
				CLANG_ENABLE_OBJC_WEAK = YES;
				CLANG_WARN_BLOCK_CAPTURE_AUTORELEASING = YES;
				CLANG_WARN_BOOL_CONVERSION = YES;
				CLANG_WARN_COMMA = YES;
				CLANG_WARN_CONSTANT_CONVERSION = YES;
				CLANG_WARN_DEPRECATED_OBJC_IMPLEMENTATIONS = YES;
				CLANG_WARN_DIRECT_OBJC_ISA_USAGE = YES_ERROR;
				CLANG_WARN_DOCUMENTATION_COMMENTS = YES;
				CLANG_WARN_EMPTY_BODY = YES;
				CLANG_WARN_ENUM_CONVERSION = YES;
				CLANG_WARN_INFINITE_RECURSION = YES;
				CLANG_WARN_INT_CONVERSION = YES;
				CLANG_WARN_NON_LITERAL_NULL_CONVERSION = YES;
				CLANG_WARN_OBJC_IMPLICIT_RETAIN_SELF = YES;
				CLANG_WARN_OBJC_LITERAL_CONVERSION = YES;
				CLANG_WARN_OBJC_ROOT_CLASS = YES_ERROR;
				CLANG_WARN_QUOTED_INCLUDE_IN_FRAMEWORK_HEADER = YES;
				CLANG_WARN_RANGE_LOOP_ANALYSIS = YES;
				CLANG_WARN_STRICT_PROTOTYPES = YES;
				CLANG_WARN_SUSPICIOUS_MOVE = YES;
				CLANG_WARN_UNGUARDED_AVAILABILITY = YES_AGGRESSIVE;
				CLANG_WARN_UNREACHABLE_CODE = YES;
				CLANG_WARN__DUPLICATE_METHOD_MATCH = YES;
				COPY_PHASE_STRIP = NO;
				DEBUG_INFORMATION_FORMAT = "dwarf-with-dsym";
				ENABLE_NS_ASSERTIONS = NO;
				ENABLE_STRICT_OBJC_MSGSEND = YES;
				ENABLE_USER_SCRIPT_SANDBOXING = YES;
				GCC_C_LANGUAGE_STANDARD = gnu17;
				GCC_NO_COMMON_BLOCKS = YES;
				GCC_WARN_64_TO_32_BIT_CONVERSION = YES;
				GCC_WARN_ABOUT_RETURN_TYPE = YES_ERROR;
				GCC_WARN_UNDECLARED_SELECTOR = YES;
				GCC_WARN_UNINITIALIZED_AUTOS = YES_AGGRESSIVE;
				GCC_WARN_UNUSED_FUNCTION = YES;
				GCC_WARN_UNUSED_VARIABLE = YES;
				IPHONEOS_DEPLOYMENT_TARGET = 17.2;
				LOCALIZATION_PREFERS_STRING_CATALOGS = YES;
				MTL_ENABLE_DEBUG_INFO = NO;
				MTL_FAST_MATH = YES;
				SDKROOT = iphoneos;
				SWIFT_COMPILATION_MODE = wholemodule;
				VALIDATE_PRODUCT = YES;
			};
			name = Release;
		};
		333C26F32BD5F97000D786A4 /* Debug */ = {
			isa = XCBuildConfiguration;
			buildSettings = {
				ASSETCATALOG_COMPILER_APPICON_NAME = AppIcon;
				ASSETCATALOG_COMPILER_GLOBAL_ACCENT_COLOR_NAME = AccentColor;
				CODE_SIGN_STYLE = Automatic;
				CURRENT_PROJECT_VERSION = 1;
				DEVELOPMENT_ASSET_PATHS = "\"LIVE Workout/Preview Content\"";
				DEVELOPMENT_TEAM = F7E8RG44F4;
				ENABLE_PREVIEWS = YES;
				GENERATE_INFOPLIST_FILE = YES;
				INFOPLIST_KEY_UIApplicationSceneManifest_Generation = YES;
				INFOPLIST_KEY_UIApplicationSupportsIndirectInputEvents = YES;
				INFOPLIST_KEY_UILaunchScreen_Generation = YES;
				INFOPLIST_KEY_UISupportedInterfaceOrientations_iPad = "UIInterfaceOrientationPortrait UIInterfaceOrientationPortraitUpsideDown UIInterfaceOrientationLandscapeLeft UIInterfaceOrientationLandscapeRight";
				INFOPLIST_KEY_UISupportedInterfaceOrientations_iPhone = "UIInterfaceOrientationPortrait UIInterfaceOrientationLandscapeLeft UIInterfaceOrientationLandscapeRight";
				LD_RUNPATH_SEARCH_PATHS = (
					"$(inherited)",
					"@executable_path/Frameworks",
				);
				MARKETING_VERSION = 1.0;
				PRODUCT_BUNDLE_IDENTIFIER = "com.aestrada1290.LIVE-Workout";
				PRODUCT_NAME = "$(TARGET_NAME)";
				SWIFT_EMIT_LOC_STRINGS = YES;
				SWIFT_VERSION = 5.0;
				TARGETED_DEVICE_FAMILY = "1,2";
			};
			name = Debug;
		};
		333C26F42BD5F97000D786A4 /* Release */ = {
			isa = XCBuildConfiguration;
			buildSettings = {
				ASSETCATALOG_COMPILER_APPICON_NAME = AppIcon;
				ASSETCATALOG_COMPILER_GLOBAL_ACCENT_COLOR_NAME = AccentColor;
				CODE_SIGN_STYLE = Automatic;
				CURRENT_PROJECT_VERSION = 1;
				DEVELOPMENT_ASSET_PATHS = "\"LIVE Workout/Preview Content\"";
				DEVELOPMENT_TEAM = F7E8RG44F4;
				ENABLE_PREVIEWS = YES;
				GENERATE_INFOPLIST_FILE = YES;
				INFOPLIST_KEY_UIApplicationSceneManifest_Generation = YES;
				INFOPLIST_KEY_UIApplicationSupportsIndirectInputEvents = YES;
				INFOPLIST_KEY_UILaunchScreen_Generation = YES;
				INFOPLIST_KEY_UISupportedInterfaceOrientations_iPad = "UIInterfaceOrientationPortrait UIInterfaceOrientationPortraitUpsideDown UIInterfaceOrientationLandscapeLeft UIInterfaceOrientationLandscapeRight";
				INFOPLIST_KEY_UISupportedInterfaceOrientations_iPhone = "UIInterfaceOrientationPortrait UIInterfaceOrientationLandscapeLeft UIInterfaceOrientationLandscapeRight";
				LD_RUNPATH_SEARCH_PATHS = (
					"$(inherited)",
					"@executable_path/Frameworks",
				);
				MARKETING_VERSION = 1.0;
				PRODUCT_BUNDLE_IDENTIFIER = "com.aestrada1290.LIVE-Workout";
				PRODUCT_NAME = "$(TARGET_NAME)";
				SWIFT_EMIT_LOC_STRINGS = YES;
				SWIFT_VERSION = 5.0;
				TARGETED_DEVICE_FAMILY = "1,2";
			};
			name = Release;
		};
/* End XCBuildConfiguration section */

/* Begin XCConfigurationList section */
		333C26DF2BD5F96F00D786A4 /* Build configuration list for PBXProject "LIVE Workout" */ = {
			isa = XCConfigurationList;
			buildConfigurations = (
				333C26F02BD5F97000D786A4 /* Debug */,
				333C26F12BD5F97000D786A4 /* Release */,
			);
			defaultConfigurationIsVisible = 0;
			defaultConfigurationName = Release;
		};
		333C26F22BD5F97000D786A4 /* Build configuration list for PBXNativeTarget "LIVE Workout" */ = {
			isa = XCConfigurationList;
			buildConfigurations = (
				333C26F32BD5F97000D786A4 /* Debug */,
				333C26F42BD5F97000D786A4 /* Release */,
			);
			defaultConfigurationIsVisible = 0;
			defaultConfigurationName = Release;
		};
/* End XCConfigurationList section */

/* Begin XCRemoteSwiftPackageReference section */
		333C26FD2BD6070C00D786A4 /* XCRemoteSwiftPackageReference "Parse-Swift" */ = {
			isa = XCRemoteSwiftPackageReference;
			repositoryURL = "https://github.com/parse-community/Parse-Swift";
			requirement = {
				kind = upToNextMajorVersion;
				minimumVersion = 4.14.2;
			};
		};
/* End XCRemoteSwiftPackageReference section */

/* Begin XCSwiftPackageProductDependency section */
		333C26FE2BD6070C00D786A4 /* ParseSwift */ = {
			isa = XCSwiftPackageProductDependency;
			package = 333C26FD2BD6070C00D786A4 /* XCRemoteSwiftPackageReference "Parse-Swift" */;
			productName = ParseSwift;
		};
/* End XCSwiftPackageProductDependency section */
	};
	rootObject = 333C26DC2BD5F96F00D786A4 /* Project object */;
}
